
Microsoft Visual Studio Solution File, Format Version 12.00
# Visual Studio Version 17
VisualStudioVersion = 17.3.32804.467
MinimumVisualStudioVersion = 10.0.40219.1
Project("{FAE04EC0-301F-11D3-BF4B-00C04F79EFBC}") = "AccessRemoteHelper", "AccessRemoteHelper\AccessRemoteHelper.csproj", "{6DEC5602-E9AF-4C79-AB98-CE1A9C2E4A27}"
EndProject
Global
	GlobalSection(SolutionConfigurationPlatforms) = preSolution
		Debug|Any CPU = Debug|Any CPU
		Release|Any CPU = Release|Any CPU
	EndGlobalSection
	GlobalSection(ProjectConfigurationPlatforms) = postSolution
		{6DEC5602-E9AF-4C79-AB98-CE1A9C2E4A27}.Debug|Any CPU.ActiveCfg = Debug|Any CPU
		{6DEC5602-E9AF-4C79-AB98-CE1A9C2E4A27}.Debug|Any CPU.Build.0 = Debug|Any CPU
		{6DEC5602-E9AF-4C79-AB98-CE1A9C2E4A27}.Release|Any CPU.ActiveCfg = Release|Any CPU
		{6DEC5602-E9AF-4C79-AB98-CE1A9C2E4A27}.Release|Any CPU.Build.0 = Release|Any CPU
	EndGlobalSection
	GlobalSection(SolutionProperties) = preSolution
		HideSolutionNode = FALSE
	EndGlobalSection
	GlobalSection(ExtensibilityGlobals) = postSolution
		SolutionGuid = {1D6FF0E8-2866-40A6-8FC9-C8D261CB433A}
	EndGlobalSection
EndGlobal
